
Microsoft Visual Studio Solution File, Format Version 12.00
# Visual Studio Version 17
VisualStudioVersion = 17.11.35327.3
MinimumVisualStudioVersion = 10.0.40219.1
Project("{FAE04EC0-301F-11D3-BF4B-00C04F79EFBC}") = "HudColorForCustomPeds", "HudColorForCustomPeds.csproj", "{51A033CC-47CE-48D8-981A-33CE558FE9FC}"
EndProject
Global
	GlobalSection(SolutionConfigurationPlatforms) = preSolution
		Debug|Any CPU = Debug|Any CPU
		Release|Any CPU = Release|Any CPU
	EndGlobalSection
	GlobalSection(ProjectConfigurationPlatforms) = postSolution
		{51A033CC-47CE-48D8-981A-33CE558FE9FC}.Debug|Any CPU.ActiveCfg = Debug|Any CPU
		{51A033CC-47CE-48D8-981A-33CE558FE9FC}.Debug|Any CPU.Build.0 = Debug|Any CPU
		{51A033CC-47CE-48D8-981A-33CE558FE9FC}.Release|Any CPU.ActiveCfg = Release|Any CPU
		{51A033CC-47CE-48D8-981A-33CE558FE9FC}.Release|Any CPU.Build.0 = Release|Any CPU
	EndGlobalSection
	GlobalSection(SolutionProperties) = preSolution
		HideSolutionNode = FALSE
	EndGlobalSection
	GlobalSection(ExtensibilityGlobals) = postSolution
		SolutionGuid = {B1091866-1884-4463-93EA-B540CD7E2735}
	EndGlobalSection
EndGlobal
